PODS:
  - Bolts (1.9.0):
    - Bolts/AppLinks (= 1.9.0)
    - Bolts/Tasks (= 1.9.0)
  - Bolts/AppLinks (1.9.0):
    - Bolts/Tasks
  - Bolts/Tasks (1.9.0)
  - FacebookCore (0.5.0):
    - Bolts (~> 1.9)
    - FBSDKCoreKit (~> 4.37)
  - FacebookLogin (0.5.0):
    - Bolts (~> 1.9)
    - FacebookCore (~> 0.5)
    - FBSDKCoreKit (~> 4.37)
    - FBSDKLoginKit (~> 4.37)
  - FBSDKCoreKit (4.39.0):
    - Bolts (~> 1.9)
  - FBSDKLoginKit (4.39.0):
    - FBSDKCoreKit
  - GoogleMaps (2.7.0):
    - GoogleMaps/Maps (= 2.7.0)
  - GoogleMaps/Base (2.7.0)
  - GoogleMaps/Maps (2.7.0):
    - GoogleMaps/Base
  - GooglePlaces (2.7.0):
    - GoogleMaps/Base (= 2.7.0)

DEPENDENCIES:
  - FacebookCore
  - FacebookLogin
  - FBSDKCoreKit (from `https://github.com/facebook/facebook-objc-sdk.git`, branch `master`)
  - GoogleMaps
  - GooglePlaces

SPEC REPOS:
  https://github.com/cocoapods/specs.git:
    - Bolts
    - FacebookCore
    - FacebookLogin
    - FBSDKLoginKit
    - GoogleMaps
    - GooglePlaces

EXTERNAL SOURCES:
  FBSDKCoreKit:
    :branch: master
    :git: https://github.com/facebook/facebook-objc-sdk.git

CHECKOUT OPTIONS:
  FBSDKCoreKit:
    :commit: 9c5fc38f8f12efb3917699c5befcc10305fcabda
    :git: https://github.com/facebook/facebook-objc-sdk.git

SPEC CHECKSUMS:
  Bolts: ac6567323eac61e203f6a9763667d0f711be34c8
  FacebookCore: 74288d0add931d361b1596beae787ab72c438249
  FacebookLogin: ebcf34714a1cb9f0759d9f071cfb01ed500996cf
  FBSDKCoreKit: 5aa4a666fe80c12621fb8d6214bfdbd18d3b5a88
  FBSDKLoginKit: 30ba5039a2c53d65a75103889bc2deebdacd5a1f
  GoogleMaps: f79af95cb24d869457b1f961c93d3ce8b2f3b848
  GooglePlaces: 3d06e6c99654545b4738ce49648745779c25f2ef

PODFILE CHECKSUM: b554dd301be3b30235096306e663fcc8d7dceb46

COCOAPODS: 1.6.0.beta.2
